
Microsoft Visual Studio Solution File, Format Version 11.00
# Visual C++ Express 2010
Project("{8BC9CEB8-8B4A-11D0-8D11-00A0C91BC942}") = "bridge", "bridge\bridge.vcxproj", "{5762AEC6-99A9-4253-B387-F30D47DE3C15}"
EndProject
Global
	GlobalSection(SolutionConfigurationPlatforms) = preSolution
		Debug|Win32 = Debug|Win32
		Release|Win32 = Release|Win32
	EndGlobalSection
	GlobalSection(ProjectConfigurationPlatforms) = postSolution
		{5762AEC6-99A9-4253-B387-F30D47DE3C15}.Debug|Win32.ActiveCfg = Debug|Win32
		{5762AEC6-99A9-4253-B387-F30D47DE3C15}.Debug|Win32.Build.0 = Debug|Win32
		{5762AEC6-99A9-4253-B387-F30D47DE3C15}.Release|Win32.ActiveCfg = Release|Win32
		{5762AEC6-99A9-4253-B387-F30D47DE3C15}.Release|Win32.Build.0 = Release|Win32
	EndGlobalSection
	GlobalSection(SolutionProperties) = preSolution
		HideSolutionNode = FALSE
	EndGlobalSection
EndGlobal
