
Microsoft Visual Studio Solution File, Format Version 11.00
# Visual C++ Express 2010
Project("{8BC9CEB8-8B4A-11D0-8D11-00A0C91BC942}") = "BridgePlayer", "BridgePlayer\BridgePlayer.vcxproj", "{64FBDB52-68E1-46AC-A434-5D6268CAA969}"
EndProject
Global
	GlobalSection(SolutionConfigurationPlatforms) = preSolution
		Debug|Win32 = Debug|Win32
		Release|Win32 = Release|Win32
	EndGlobalSection
	GlobalSection(ProjectConfigurationPlatforms) = postSolution
		{64FBDB52-68E1-46AC-A434-5D6268CAA969}.Debug|Win32.ActiveCfg = Debug|Win32
		{64FBDB52-68E1-46AC-A434-5D6268CAA969}.Debug|Win32.Build.0 = Debug|Win32
		{64FBDB52-68E1-46AC-A434-5D6268CAA969}.Release|Win32.ActiveCfg = Release|Win32
		{64FBDB52-68E1-46AC-A434-5D6268CAA969}.Release|Win32.Build.0 = Release|Win32
	EndGlobalSection
	GlobalSection(SolutionProperties) = preSolution
		HideSolutionNode = FALSE
	EndGlobalSection
EndGlobal
